<?xml version="1.0" encoding="utf-8"?>
<Project ToolsVersion="4.0" xmlns="http://schemas.microsoft.com/developer/msbuild/2003">
  <ItemGroup>
    <Filter Include="Default">
      <UniqueIdentifier>{00238bfe-eb19-448b-bc47-38279c7f80e1}</UniqueIdentifier>
    </Filter>
    <Filter Include="Default\리소스 파일">
      <UniqueIdentifier>{67DA6AB6-F800-4c08-8B7A-83BB121AAD01}</UniqueIdentifier>
      <Extensions>rc;ico;cur;bmp;dlg;rc2;rct;bin;rgs;gif;jpg;jpeg;jpe;resx;tiff;tif;png;wav;mfcribbon-ms</Extensions>
    </Filter>
    <Filter Include="Engine">
      <UniqueIdentifier>{2674e3fa-d533-46d0-97f3-829432124a12}</UniqueIdentifier>
    </Filter>
    <Filter Include="Engine\02. Core">
      <UniqueIdentifier>{ce583af8-1f32-4291-ac98-4ffb33f30f8a}</UniqueIdentifier>
    </Filter>
    <Filter Include="Engine\01. Header">
      <UniqueIdentifier>{3f25a1a8-db1e-4fee-9527-3e7f55683a73}</UniqueIdentifier>
    </Filter>
    <Filter Include="Engine\03. Manager">
      <UniqueIdentifier>{3f5da89e-ce8a-4cb9-bca4-e8d05b168243}</UniqueIdentifier>
    </Filter>
    <Filter Include="Engine\04. Object">
      <UniqueIdentifier>{36578b53-a56f-45ea-acc7-4cda10048a5b}</UniqueIdentifier>
    </Filter>
    <Filter Include="Engine\03. Manager\TimeMgr">
      <UniqueIdentifier>{023cf521-3bfe-4db6-a862-d09e9871dfb3}</UniqueIdentifier>
    </Filter>
    <Filter Include="Engine\03. Manager\KeyMgr">
      <UniqueIdentifier>{a652e3d6-90a4-4d14-9028-29a6da24e1ff}</UniqueIdentifier>
    </Filter>
    <Filter Include="Engine\05. Scene">
      <UniqueIdentifier>{09fe9a5f-74f4-4ef6-af76-61131f41a5b8}</UniqueIdentifier>
    </Filter>
    <Filter Include="Engine\03. Manager\SceneMgr">
      <UniqueIdentifier>{0cf85a00-1ec7-4b8a-a60a-f0b668071e30}</UniqueIdentifier>
    </Filter>
    <Filter Include="Engine\05. Scene\Scene_Start">
      <UniqueIdentifier>{42f3a02f-4ee4-4520-ac5a-8cacf2ef9771}</UniqueIdentifier>
    </Filter>
    <Filter Include="Engine\05. Scene\Scene_Tool">
      <UniqueIdentifier>{3fcee34d-38ec-4c89-b909-7e10c24454cc}</UniqueIdentifier>
    </Filter>
    <Filter Include="Engine\04. Object\Player">
      <UniqueIdentifier>{6bd38cf2-41e6-45de-80a4-79f9dbd3a36d}</UniqueIdentifier>
    </Filter>
    <Filter Include="Engine\04. Object\Monster">
      <UniqueIdentifier>{0deaf6c6-e51f-4786-9997-d3cfa05979a1}</UniqueIdentifier>
    </Filter>
    <Filter Include="Engine\04. Object\Missile">
      <UniqueIdentifier>{01ee555c-ea53-4151-afab-b5d102da62db}</UniqueIdentifier>
    </Filter>
    <Filter Include="Engine\06. Resource">
      <UniqueIdentifier>{08a4e9bc-5a76-4f1a-b71f-4b16f9a7e1a5}</UniqueIdentifier>
    </Filter>
    <Filter Include="Engine\06. Resource\Texture">
      <UniqueIdentifier>{782bf628-1e34-4723-bbb1-2c1984ccacbf}</UniqueIdentifier>
    </Filter>
    <Filter Include="Engine\06. Resource\Sound">
      <UniqueIdentifier>{65fd0d16-6bc4-4b8c-821e-f9471823a9cf}</UniqueIdentifier>
    </Filter>
    <Filter Include="Engine\03. Manager\PathMgr">
      <UniqueIdentifier>{d4cec3cd-34ba-4bc2-972a-4338a2a8ea37}</UniqueIdentifier>
    </Filter>
    <Filter Include="Engine\03. Manager\ResMgr">
      <UniqueIdentifier>{52370aa4-a66e-4911-acb3-d1cdc8524554}</UniqueIdentifier>
    </Filter>
    <Filter Include="Engine\07. Component">
      <UniqueIdentifier>{9e823791-c2fe-4af1-8fc4-fb11f9cb745b}</UniqueIdentifier>
    </Filter>
    <Filter Include="Engine\08. Moldule">
      <UniqueIdentifier>{b9c8820a-f3c9-499f-bb63-05ff6e032f79}</UniqueIdentifier>
    </Filter>
    <Filter Include="Engine\03. Manager\CollisionMgr">
      <UniqueIdentifier>{c1437516-6a74-4c07-9255-031d21575822}</UniqueIdentifier>
    </Filter>
    <Filter Include="Engine\03. Manager\EventMgr">
      <UniqueIdentifier>{70628daa-1fe5-46e9-9358-8e3a71099ecb}</UniqueIdentifier>
    </Filter>
    <Filter Include="Engine\07. Component\Animator">
      <UniqueIdentifier>{3bc10371-6948-4504-b5e9-51463508cef4}</UniqueIdentifier>
    </Filter>
    <Filter Include="Engine\07. Component\Animator\Animation">
      <UniqueIdentifier>{fe327f35-1c8b-422c-961b-595614554f71}</UniqueIdentifier>
    </Filter>
    <Filter Include="Engine\07. Component\Collider">
      <UniqueIdentifier>{f909d6a3-12c8-43a6-a42a-85bb96bf817c}</UniqueIdentifier>
    </Filter>
    <Filter Include="Engine\03. Manager\Camera">
      <UniqueIdentifier>{f44c1cf1-458a-412d-8c8a-2d31d5d3266c}</UniqueIdentifier>
    </Filter>
    <Filter Include="Engine\04. Object\Tile">
      <UniqueIdentifier>{fd949e3d-ff8c-4848-ba4e-8bb7fba00ac5}</UniqueIdentifier>
    </Filter>
    <Filter Include="Engine\04. Object\UI">
      <UniqueIdentifier>{ffa6b09f-f2f5-4de4-b8e9-545d98d86b12}</UniqueIdentifier>
    </Filter>
    <Filter Include="Engine\03. Manager\UIMgr">
      <UniqueIdentifier>{3d245e83-ccd0-4fea-afec-7c33f0cae307}</UniqueIdentifier>
    </Filter>
    <Filter Include="Engine\04. Object\UI\PanelUI">
      <UniqueIdentifier>{748c533d-1150-47db-8e4f-4cfa55f43929}</UniqueIdentifier>
    </Filter>
    <Filter Include="Engine\04. Object\UI\BtnUI">
      <UniqueIdentifier>{9bb367a4-3fbf-405d-8dfa-fcf1907538dc}</UniqueIdentifier>
    </Filter>
    <Filter Include="Engine\08. Moldule\AI">
      <UniqueIdentifier>{a0904ea3-fda1-47be-9ca3-08cf5ce951f7}</UniqueIdentifier>
    </Filter>
    <Filter Include="Engine\08. Moldule\AI\State">
      <UniqueIdentifier>{88759d71-033c-4b2a-890c-f7da1783af39}</UniqueIdentifier>
    </Filter>
    <Filter Include="Engine\08. Moldule\AI\State\Trace">
      <UniqueIdentifier>{357746d3-c4f9-4227-a828-f2e274dd6873}</UniqueIdentifier>
    </Filter>
    <Filter Include="Engine\08. Moldule\AI\State\Idle">
      <UniqueIdentifier>{7a5d5b9c-4775-45a2-bfb4-0e3fe2f1b000}</UniqueIdentifier>
    </Filter>
    <Filter Include="Engine\08. Moldule\AI\State\Attack">
      <UniqueIdentifier>{0fd5da4e-c26b-494c-a5e8-17a0de4a135d}</UniqueIdentifier>
    </Filter>
    <Filter Include="Engine\08. Moldule\AI\State\Dead">
      <UniqueIdentifier>{22352c88-4a9c-4be1-8211-e887c36126e1}</UniqueIdentifier>
    </Filter>
    <Filter Include="Engine\09. Factory">
      <UniqueIdentifier>{22107efa-9098-4627-8d3b-f06d4bc92aef}</UniqueIdentifier>
    </Filter>
    <Filter Include="Engine\09. Factory\MonFactory">
      <UniqueIdentifier>{01a697f0-fed0-4913-b384-0234646d7112}</UniqueIdentifier>
    </Filter>
    <Filter Include="Engine\07. Component\RigidBody">
      <UniqueIdentifier>{8e5b155c-012c-4b1b-99a8-5caddfd4a451}</UniqueIdentifier>
    </Filter>
    <Filter Include="Engine\07. Component\Gravity">
      <UniqueIdentifier>{8b43f613-5037-4d6d-b867-762c40fda7bd}</UniqueIdentifier>
    </Filter>
    <Filter Include="Engine\04. Object\Ground">
      <UniqueIdentifier>{05474e07-3d78-482f-b227-c7bc5bc888d3}</UniqueIdentifier>
    </Filter>
    <Filter Include="Engine\04. Object\Background">
      <UniqueIdentifier>{3c588a1d-dff2-441a-9b6c-57e2c72db562}</UniqueIdentifier>
    </Filter>
    <Filter Include="Engine\05. Scene\Scene_Enter">
      <UniqueIdentifier>{6cd78ff2-eeab-4f7a-91bb-dec860a723bc}</UniqueIdentifier>
    </Filter>
  </ItemGroup>
  <ItemGroup>
    <ClInclude Include="CCore.h">
      <Filter>Engine\02. Core</Filter>
    </ClInclude>
    <ClInclude Include="framework.h">
      <Filter>Default</Filter>
    </ClInclude>
    <ClInclude Include="Resource.h">
      <Filter>Default</Filter>
    </ClInclude>
    <ClInclude Include="targetver.h">
      <Filter>Default</Filter>
    </ClInclude>
    <ClInclude Include="main.h">
      <Filter>Default</Filter>
    </ClInclude>
    <ClInclude Include="define.h">
      <Filter>Engine\01. Header</Filter>
    </ClInclude>
    <ClInclude Include="pch.h" />
    <ClInclude Include="struct.h">
      <Filter>Engine\01. Header</Filter>
    </ClInclude>
    <ClInclude Include="CObject.h">
      <Filter>Engine\04. Object</Filter>
    </ClInclude>
    <ClInclude Include="CKeyMgr.h">
      <Filter>Engine\03. Manager\KeyMgr</Filter>
    </ClInclude>
    <ClInclude Include="CTimeMgr.h">
      <Filter>Engine\03. Manager\TimeMgr</Filter>
    </ClInclude>
    <ClInclude Include="CScene.h">
      <Filter>Engine\05. Scene</Filter>
    </ClInclude>
    <ClInclude Include="CSceneMgr.h">
      <Filter>Engine\03. Manager\SceneMgr</Filter>
    </ClInclude>
    <ClInclude Include="Scene_Start.h">
      <Filter>Engine\05. Scene\Scene_Start</Filter>
    </ClInclude>
    <ClInclude Include="CPlayer.h">
      <Filter>Engine\04. Object\Player</Filter>
    </ClInclude>
    <ClInclude Include="CMonster.h">
      <Filter>Engine\04. Object\Monster</Filter>
    </ClInclude>
    <ClInclude Include="CMissile.h">
      <Filter>Engine\04. Object\Missile</Filter>
    </ClInclude>
    <ClInclude Include="CRes.h">
      <Filter>Engine\06. Resource</Filter>
    </ClInclude>
    <ClInclude Include="CTexture.h">
      <Filter>Engine\06. Resource\Texture</Filter>
    </ClInclude>
    <ClInclude Include="CSound.h">
      <Filter>Engine\06. Resource\Sound</Filter>
    </ClInclude>
    <ClInclude Include="CPathMgr.h">
      <Filter>Engine\03. Manager\PathMgr</Filter>
    </ClInclude>
    <ClInclude Include="CResMgr.h">
      <Filter>Engine\03. Manager\ResMgr</Filter>
    </ClInclude>
    <ClInclude Include="SelectGDI.h">
      <Filter>Engine\08. Moldule</Filter>
    </ClInclude>
    <ClInclude Include="CCollisionMgr.h">
      <Filter>Engine\03. Manager\CollisionMgr</Filter>
    </ClInclude>
    <ClInclude Include="CEventMgr.h">
      <Filter>Engine\03. Manager\EventMgr</Filter>
    </ClInclude>
    <ClInclude Include="func.h">
      <Filter>Engine\01. Header</Filter>
    </ClInclude>
    <ClInclude Include="CScene_Tool.h">
      <Filter>Engine\05. Scene\Scene_Tool</Filter>
    </ClInclude>
    <ClInclude Include="CCollider.h">
      <Filter>Engine\07. Component\Collider</Filter>
    </ClInclude>
    <ClInclude Include="CAnimation.h">
      <Filter>Engine\07. Component\Animator\Animation</Filter>
    </ClInclude>
    <ClInclude Include="CAnimator.h">
      <Filter>Engine\07. Component\Animator</Filter>
    </ClInclude>
    <ClInclude Include="CCamera.h">
      <Filter>Engine\03. Manager\Camera</Filter>
    </ClInclude>
    <ClInclude Include="CTile.h">
      <Filter>Engine\04. Object\Tile</Filter>
    </ClInclude>
    <ClInclude Include="CUI.h">
      <Filter>Engine\04. Object\UI</Filter>
    </ClInclude>
    <ClInclude Include="CUIMgr.h">
      <Filter>Engine\03. Manager\UIMgr</Filter>
    </ClInclude>
    <ClInclude Include="CPanelUI.h">
      <Filter>Engine\04. Object\UI\PanelUI</Filter>
    </ClInclude>
    <ClInclude Include="CBtnUI.h">
      <Filter>Engine\04. Object\UI\BtnUI</Filter>
    </ClInclude>
    <ClInclude Include="AI.h">
      <Filter>Engine\08. Moldule\AI</Filter>
    </ClInclude>
    <ClInclude Include="CState.h">
      <Filter>Engine\08. Moldule\AI\State</Filter>
    </ClInclude>
    <ClInclude Include="CIdleState.h">
      <Filter>Engine\08. Moldule\AI\State\Idle</Filter>
    </ClInclude>
    <ClInclude Include="CTraceState.h">
      <Filter>Engine\08. Moldule\AI\State\Trace</Filter>
    </ClInclude>
    <ClInclude Include="CMonFactory.h">
      <Filter>Engine\09. Factory\MonFactory</Filter>
    </ClInclude>
    <ClInclude Include="CRigidBody.h">
      <Filter>Engine\07. Component\RigidBody</Filter>
    </ClInclude>
    <ClInclude Include="CGravity.h">
      <Filter>Engine\07. Component\Gravity</Filter>
    </ClInclude>
    <ClInclude Include="CGround.h">
      <Filter>Engine\04. Object\Ground</Filter>
    </ClInclude>
    <ClInclude Include="CBackGround.h">
      <Filter>Engine\04. Object\Background</Filter>
    </ClInclude>
    <ClInclude Include="CScene_Enter.h">
      <Filter>Engine\05. Scene\Scene_Enter</Filter>
    </ClInclude>
  </ItemGroup>
  <ItemGroup>
    <ClCompile Include="CCore.cpp">
      <Filter>Engine\02. Core</Filter>
    </ClCompile>
    <ClCompile Include="pch.cpp">
      <Filter>Default</Filter>
    </ClCompile>
    <ClCompile Include="main.cpp" />
    <ClCompile Include="CObject.cpp">
      <Filter>Engine\04. Object</Filter>
    </ClCompile>
    <ClCompile Include="CKeyMgr.cpp">
      <Filter>Engine\03. Manager\KeyMgr</Filter>
    </ClCompile>
    <ClCompile Include="CTimeMgr.cpp">
      <Filter>Engine\03. Manager\TimeMgr</Filter>
    </ClCompile>
    <ClCompile Include="CScene.cpp">
      <Filter>Engine\05. Scene</Filter>
    </ClCompile>
    <ClCompile Include="CSceneMgr.cpp">
      <Filter>Engine\03. Manager\SceneMgr</Filter>
    </ClCompile>
    <ClCompile Include="Scene_Start.cpp">
      <Filter>Engine\05. Scene\Scene_Start</Filter>
    </ClCompile>
    <ClCompile Include="CPlayer.cpp">
      <Filter>Engine\04. Object\Player</Filter>
    </ClCompile>
    <ClCompile Include="CMonster.cpp">
      <Filter>Engine\04. Object\Monster</Filter>
    </ClCompile>
    <ClCompile Include="CMissile.cpp">
      <Filter>Engine\04. Object\Missile</Filter>
    </ClCompile>
    <ClCompile Include="CRes.cpp">
      <Filter>Engine\06. Resource</Filter>
    </ClCompile>
    <ClCompile Include="CTexture.cpp">
      <Filter>Engine\06. Resource\Texture</Filter>
    </ClCompile>
    <ClCompile Include="CSound.cpp">
      <Filter>Engine\06. Resource\Sound</Filter>
    </ClCompile>
    <ClCompile Include="CPathMgr.cpp">
      <Filter>Engine\03. Manager\PathMgr</Filter>
    </ClCompile>
    <ClCompile Include="CResMgr.cpp">
      <Filter>Engine\03. Manager\ResMgr</Filter>
    </ClCompile>
    <ClCompile Include="SelectGDI.cpp">
      <Filter>Engine\08. Moldule</Filter>
    </ClCompile>
    <ClCompile Include="CCollisionMgr.cpp">
      <Filter>Engine\03. Manager\CollisionMgr</Filter>
    </ClCompile>
    <ClCompile Include="CEventMgr.cpp">
      <Filter>Engine\03. Manager\EventMgr</Filter>
    </ClCompile>
    <ClCompile Include="func.cpp">
      <Filter>Engine\01. Header</Filter>
    </ClCompile>
    <ClCompile Include="CScene_Tool.cpp">
      <Filter>Engine\05. Scene\Scene_Tool</Filter>
    </ClCompile>
    <ClCompile Include="CCollider.cpp">
      <Filter>Engine\07. Component\Collider</Filter>
    </ClCompile>
    <ClCompile Include="CAnimation.cpp">
      <Filter>Engine\07. Component\Animator\Animation</Filter>
    </ClCompile>
    <ClCompile Include="CAnimator.cpp">
      <Filter>Engine\07. Component\Animator</Filter>
    </ClCompile>
    <ClCompile Include="CCamera.cpp">
      <Filter>Engine\03. Manager\Camera</Filter>
    </ClCompile>
    <ClCompile Include="CTile.cpp">
      <Filter>Engine\04. Object\Tile</Filter>
    </ClCompile>
    <ClCompile Include="CUI.cpp">
      <Filter>Engine\04. Object\UI</Filter>
    </ClCompile>
    <ClCompile Include="CUIMgr.cpp">
      <Filter>Engine\03. Manager\UIMgr</Filter>
    </ClCompile>
    <ClCompile Include="CPanelUI.cpp">
      <Filter>Engine\04. Object\UI\PanelUI</Filter>
    </ClCompile>
    <ClCompile Include="CBtnUI.cpp">
      <Filter>Engine\04. Object\UI\BtnUI</Filter>
    </ClCompile>
    <ClCompile Include="AI.cpp">
      <Filter>Engine\08. Moldule\AI</Filter>
    </ClCompile>
    <ClCompile Include="CState.cpp">
      <Filter>Engine\08. Moldule\AI\State</Filter>
    </ClCompile>
    <ClCompile Include="CIdleState.cpp">
      <Filter>Engine\08. Moldule\AI\State\Idle</Filter>
    </ClCompile>
    <ClCompile Include="CTraceState.cpp">
      <Filter>Engine\08. Moldule\AI\State\Trace</Filter>
    </ClCompile>
    <ClCompile Include="CMonFactory.cpp">
      <Filter>Engine\09. Factory\MonFactory</Filter>
    </ClCompile>
    <ClCompile Include="CRigidBody.cpp">
      <Filter>Engine\07. Component\RigidBody</Filter>
    </ClCompile>
    <ClCompile Include="CGravity.cpp">
      <Filter>Engine\07. Component\Gravity</Filter>
    </ClCompile>
    <ClCompile Include="CGround.cpp">
      <Filter>Engine\04. Object\Ground</Filter>
    </ClCompile>
    <ClCompile Include="CBackGround.cpp">
      <Filter>Engine\04. Object\Background</Filter>
    </ClCompile>
    <ClCompile Include="CScene_Enter.cpp">
      <Filter>Engine\05. Scene\Scene_Enter</Filter>
    </ClCompile>
  </ItemGroup>
  <ItemGroup>
    <ResourceCompile Include="win32_0816.rc">
      <Filter>Default\리소스 파일</Filter>
    </ResourceCompile>
  </ItemGroup>
  <ItemGroup>
    <Image Include="small.ico">
      <Filter>Default\리소스 파일</Filter>
    </Image>
    <Image Include="win32_0816.ico">
      <Filter>Default\리소스 파일</Filter>
    </Image>
  </ItemGroup>
</Project>